// !$*UTF8*$!
{
	archiveVersion = 1;
	classes = {
	};
	objectVersion = 46;
	objects = {

/* Begin PBXBuildFile section */
		8928E15B198A7EAA00E6C9E7 /* folder_app.png in Resources */ = {isa = PBXBuildFile; fileRef = 8928E144198A7EAA00E6C9E7 /* folder_app.png */; };
		8928E15C198A7EAA00E6C9E7 /* folder_camera.png in Resources */ = {isa = PBXBuildFile; fileRef = 8928E145198A7EAA00E6C9E7 /* folder_camera.png */; };
		8928E15D198A7EAA00E6C9E7 /* folder_public.png in Resources */ = {isa = PBXBuildFile; fileRef = 8928E146198A7EAA00E6C9E7 /* folder_public.png */; };
		8928E15E198A7EAA00E6C9E7 /* folder_user_locked.png in Resources */ = {isa = PBXBuildFile; fileRef = 8928E147198A7EAA00E6C9E7 /* folder_user_locked.png */; };
		8928E15F198A7EAA00E6C9E7 /* folder_user.png in Resources */ = {isa = PBXBuildFile; fileRef = 8928E148198A7EAA00E6C9E7 /* folder_user.png */; };
		8928E160198A7EAA00E6C9E7 /* folder.png in Resources */ = {isa = PBXBuildFile; fileRef = 8928E149198A7EAA00E6C9E7 /* folder.png */; };
		8928E161198A7EAA00E6C9E7 /* page_white_acrobat.png in Resources */ = {isa = PBXBuildFile; fileRef = 8928E14A198A7EAA00E6C9E7 /* page_white_acrobat.png */; };
		8928E162198A7EAA00E6C9E7 /* page_white_code.png in Resources */ = {isa = PBXBuildFile; fileRef = 8928E14B198A7EAA00E6C9E7 /* page_white_code.png */; };
		8928E163198A7EAA00E6C9E7 /* page_white_compressed.png in Resources */ = {isa = PBXBuildFile; fileRef = 8928E14C198A7EAA00E6C9E7 /* page_white_compressed.png */; };
		8928E164198A7EAA00E6C9E7 /* page_white_dvd.png in Resources */ = {isa = PBXBuildFile; fileRef = 8928E14D198A7EAA00E6C9E7 /* page_white_dvd.png */; };
		8928E165198A7EAA00E6C9E7 /* page_white_excel.png in Resources */ = {isa = PBXBuildFile; fileRef = 8928E14E198A7EAA00E6C9E7 /* page_white_excel.png */; };
		8928E166198A7EAA00E6C9E7 /* page_white_film.png in Resources */ = {isa = PBXBuildFile; fileRef = 8928E14F198A7EAA00E6C9E7 /* page_white_film.png */; };
		8928E167198A7EAA00E6C9E7 /* page_white_flash.png in Resources */ = {isa = PBXBuildFile; fileRef = 8928E150198A7EAA00E6C9E7 /* page_white_flash.png */; };
		8928E168198A7EAA00E6C9E7 /* page_white_gear.png in Resources */ = {isa = PBXBuildFile; fileRef = 8928E151198A7EAA00E6C9E7 /* page_white_gear.png */; };
		8928E169198A7EAA00E6C9E7 /* page_white_paint.png in Resources */ = {isa = PBXBuildFile; fileRef = 8928E152198A7EAA00E6C9E7 /* page_white_paint.png */; };
		8928E16A198A7EAA00E6C9E7 /* page_white_picture.png in Resources */ = {isa = PBXBuildFile; fileRef = 8928E153198A7EAA00E6C9E7 /* page_white_picture.png */; };
		8928E16B198A7EAA00E6C9E7 /* page_white_powerpoint.png in Resources */ = {isa = PBXBuildFile; fileRef = 8928E154198A7EAA00E6C9E7 /* page_white_powerpoint.png */; };
		8928E16C198A7EAA00E6C9E7 /* page_white_sound.png in Resources */ = {isa = PBXBuildFile; fileRef = 8928E155198A7EAA00E6C9E7 /* page_white_sound.png */; };
		8928E16D198A7EAA00E6C9E7 /* page_white_text.png in Resources */ = {isa = PBXBuildFile; fileRef = 8928E156198A7EAA00E6C9E7 /* page_white_text.png */; };
		8928E16E198A7EAA00E6C9E7 /* page_white_vector.png in Resources */ = {isa = PBXBuildFile; fileRef = 8928E157198A7EAA00E6C9E7 /* page_white_vector.png */; };
		8928E16F198A7EAA00E6C9E7 /* page_white_webcode.png in Resources */ = {isa = PBXBuildFile; fileRef = 8928E158198A7EAA00E6C9E7 /* page_white_webcode.png */; };
		8928E170198A7EAA00E6C9E7 /* page_white_word.png in Resources */ = {isa = PBXBuildFile; fileRef = 8928E159198A7EAA00E6C9E7 /* page_white_word.png */; };
		8928E171198A7EAA00E6C9E7 /* page_white.png in Resources */ = {isa = PBXBuildFile; fileRef = 8928E15A198A7EAA00E6C9E7 /* page_white.png */; };
		8928E189198A7EB800E6C9E7 /* folder_app@2x.png in Resources */ = {isa = PBXBuildFile; fileRef = 8928E172198A7EB800E6C9E7 /* folder_app@2x.png */; };
		8928E18A198A7EB800E6C9E7 /* folder_camera@2x.png in Resources */ = {isa = PBXBuildFile; fileRef = 8928E173198A7EB800E6C9E7 /* folder_camera@2x.png */; };
		8928E18B198A7EB800E6C9E7 /* folder_public@2x.png in Resources */ = {isa = PBXBuildFile; fileRef = 8928E174198A7EB800E6C9E7 /* folder_public@2x.png */; };
		8928E18C198A7EB800E6C9E7 /* folder_user_locked@2x.png in Resources */ = {isa = PBXBuildFile; fileRef = 8928E175198A7EB800E6C9E7 /* folder_user_locked@2x.png */; };
		8928E18D198A7EB800E6C9E7 /* folder_user@2x.png in Resources */ = {isa = PBXBuildFile; fileRef = 8928E176198A7EB800E6C9E7 /* folder_user@2x.png */; };
		8928E18E198A7EB800E6C9E7 /* folder@2x.png in Resources */ = {isa = PBXBuildFile; fileRef = 8928E177198A7EB800E6C9E7 /* folder@2x.png */; };
		8928E18F198A7EB800E6C9E7 /* page_white_acrobat@2x.png in Resources */ = {isa = PBXBuildFile; fileRef = 8928E178198A7EB800E6C9E7 /* page_white_acrobat@2x.png */; };
		8928E190198A7EB800E6C9E7 /* page_white_code@2x.png in Resources */ = {isa = PBXBuildFile; fileRef = 8928E179198A7EB800E6C9E7 /* page_white_code@2x.png */; };
		8928E191198A7EB800E6C9E7 /* page_white_compressed@2x.png in Resources */ = {isa = PBXBuildFile; fileRef = 8928E17A198A7EB800E6C9E7 /* page_white_compressed@2x.png */; };
		8928E192198A7EB800E6C9E7 /* page_white_dvd@2x.png in Resources */ = {isa = PBXBuildFile; fileRef = 8928E17B198A7EB800E6C9E7 /* page_white_dvd@2x.png */; };
		8928E193198A7EB800E6C9E7 /* page_white_excel@2x.png in Resources */ = {isa = PBXBuildFile; fileRef = 8928E17C198A7EB800E6C9E7 /* page_white_excel@2x.png */; };
		8928E194198A7EB800E6C9E7 /* page_white_film@2x.png in Resources */ = {isa = PBXBuildFile; fileRef = 8928E17D198A7EB800E6C9E7 /* page_white_film@2x.png */; };
		8928E195198A7EB800E6C9E7 /* page_white_flash@2x.png in Resources */ = {isa = PBXBuildFile; fileRef = 8928E17E198A7EB800E6C9E7 /* page_white_flash@2x.png */; };
		8928E196198A7EB800E6C9E7 /* page_white_gear@2x.png in Resources */ = {isa = PBXBuildFile; fileRef = 8928E17F198A7EB800E6C9E7 /* page_white_gear@2x.png */; };
		8928E197198A7EB800E6C9E7 /* page_white_paint@2x.png in Resources */ = {isa = PBXBuildFile; fileRef = 8928E180198A7EB800E6C9E7 /* page_white_paint@2x.png */; };
		8928E198198A7EB800E6C9E7 /* page_white_picture@2x.png in Resources */ = {isa = PBXBuildFile; fileRef = 8928E181198A7EB800E6C9E7 /* page_white_picture@2x.png */; };
		8928E199198A7EB800E6C9E7 /* page_white_powerpoint@2x.png in Resources */ = {isa = PBXBuildFile; fileRef = 8928E182198A7EB800E6C9E7 /* page_white_powerpoint@2x.png */; };
		8928E19A198A7EB800E6C9E7 /* page_white_sound@2x.png in Resources */ = {isa = PBXBuildFile; fileRef = 8928E183198A7EB800E6C9E7 /* page_white_sound@2x.png */; };
		8928E19B198A7EB800E6C9E7 /* page_white_text@2x.png in Resources */ = {isa = PBXBuildFile; fileRef = 8928E184198A7EB800E6C9E7 /* page_white_text@2x.png */; };
		8928E19C198A7EB800E6C9E7 /* page_white_vector@2x.png in Resources */ = {isa = PBXBuildFile; fileRef = 8928E185198A7EB800E6C9E7 /* page_white_vector@2x.png */; };
		8928E19D198A7EB800E6C9E7 /* page_white_webcode@2x.png in Resources */ = {isa = PBXBuildFile; fileRef = 8928E186198A7EB800E6C9E7 /* page_white_webcode@2x.png */; };
		8928E19E198A7EB800E6C9E7 /* page_white_word@2x.png in Resources */ = {isa = PBXBuildFile; fileRef = 8928E187198A7EB800E6C9E7 /* page_white_word@2x.png */; };
		8928E19F198A7EB800E6C9E7 /* page_white@2x.png in Resources */ = {isa = PBXBuildFile; fileRef = 8928E188198A7EB800E6C9E7 /* page_white@2x.png */; };
		8928E1A1198A82DB00E6C9E7 /* CSMainTableCell.xib in Resources */ = {isa = PBXBuildFile; fileRef = 8928E1A0198A82DB00E6C9E7 /* CSMainTableCell.xib */; };
		8928E421198B3F3700C482B2 /* Localizable.strings in Resources */ = {isa = PBXBuildFile; fileRef = 8928E41B198B3F3700C482B2 /* Localizable.strings */; };
		8928E422198B3F3700C482B2 /* Localizable_full.strings in Resources */ = {isa = PBXBuildFile; fileRef = 8928E41D198B3F3700C482B2 /* Localizable_full.strings */; };
		8928E425198B3F5500C482B2 /* NSDate+HumanizedTime.m in Sources */ = {isa = PBXBuildFile; fileRef = 8928E424198B3F5500C482B2 /* NSDate+HumanizedTime.m */; };
		89432C711973DE3D000ABB30 /* CSMainNavigationController.m in Sources */ = {isa = PBXBuildFile; fileRef = 89432C701973DE3D000ABB30 /* CSMainNavigationController.m */; };
		89432C791973DE9B000ABB30 /* CSMainTabViewController.m in Sources */ = {isa = PBXBuildFile; fileRef = 89432C781973DE9B000ABB30 /* CSMainTabViewController.m */; };
		89432C7D1973DEB7000ABB30 /* CSBaseTableViewController.m in Sources */ = {isa = PBXBuildFile; fileRef = 89432C7B1973DEB7000ABB30 /* CSBaseTableViewController.m */; };
		89432CB51973EA87000ABB30 /* CoreData.framework in Frameworks */ = {isa = PBXBuildFile; fileRef = 89432CB41973EA87000ABB30 /* CoreData.framework */; };
		89432CB71973EA97000ABB30 /* Security.framework in Frameworks */ = {isa = PBXBuildFile; fileRef = 89432CB61973EA97000ABB30 /* Security.framework */; };
		89C1F03A197E9D55007A695B /* DropboxSDK.framework in Frameworks */ = {isa = PBXBuildFile; fileRef = 89C1F039197E9D55007A695B /* DropboxSDK.framework */; };
		89C62FAB1987D18D00557DBF /* btn-bar-button.png in Resources */ = {isa = PBXBuildFile; fileRef = 89C62F901987D18D00557DBF /* btn-bar-button.png */; };
		89C62FAD1987D18D00557DBF /* tabbar-box-default.png.png in Resources */ = {isa = PBXBuildFile; fileRef = 89C62F921987D18D00557DBF /* tabbar-box-default.png.png */; };
		89C62FAE1987D18D00557DBF /* tabbar-box-selected.png in Resources */ = {isa = PBXBuildFile; fileRef = 89C62F931987D18D00557DBF /* tabbar-box-selected.png */; };
		89C62FAF1987D18D00557DBF /* tabbar-dropbox-default.png in Resources */ = {isa = PBXBuildFile; fileRef = 89C62F941987D18D00557DBF /* tabbar-dropbox-default.png */; };
		89C62FB01987D18D00557DBF /* tabbar-dropbox-selected.png in Resources */ = {isa = PBXBuildFile; fileRef = 89C62F951987D18D00557DBF /* tabbar-dropbox-selected.png */; };
		89C62FB11987D18D00557DBF /* tabbar-googledrive-default.png in Resources */ = {isa = PBXBuildFile; fileRef = 89C62F961987D18D00557DBF /* tabbar-googledrive-default.png */; };
		89C62FB21987D18D00557DBF /* tabbar-googledrive-seleted.png in Resources */ = {isa = PBXBuildFile; fileRef = 89C62F971987D18D00557DBF /* tabbar-googledrive-seleted.png */; };
		89C62FB31987D18D00557DBF /* tabbar-settings-default.png in Resources */ = {isa = PBXBuildFile; fileRef = 89C62F981987D18D00557DBF /* tabbar-settings-default.png */; };
		89C62FB41987D18D00557DBF /* tabbar-settings-selected.png in Resources */ = {isa = PBXBuildFile; fileRef = 89C62F991987D18D00557DBF /* tabbar-settings-selected.png */; };
		89C62FB51987D18D00557DBF /* tabbar-sky-default.png in Resources */ = {isa = PBXBuildFile; fileRef = 89C62F9A1987D18D00557DBF /* tabbar-sky-default.png */; };
		89C62FB61987D18D00557DBF /* tabbar-sky-selected.png in Resources */ = {isa = PBXBuildFile; fileRef = 89C62F9B1987D18D00557DBF /* tabbar-sky-selected.png */; };
		89C62FB71987D18D00557DBF /* welcome-branding.png in Resources */ = {isa = PBXBuildFile; fileRef = 89C62F9C1987D18D00557DBF /* welcome-branding.png */; };
		89C62FB81987D18D00557DBF /* btn-bar-button@2x.png in Resources */ = {isa = PBXBuildFile; fileRef = 89C62F9E1987D18D00557DBF /* btn-bar-button@2x.png */; };
		89C62FBA1987D18D00557DBF /* tabbar-box-default@2x.png in Resources */ = {isa = PBXBuildFile; fileRef = 89C62FA01987D18D00557DBF /* tabbar-box-default@2x.png */; };
		89C62FBB1987D18D00557DBF /* tabbar-box-selected@2x.png in Resources */ = {isa = PBXBuildFile; fileRef = 89C62FA11987D18D00557DBF /* tabbar-box-selected@2x.png */; };
		89C62FBC1987D18D00557DBF /* tabbar-dropbox-default@2x.png in Resources */ = {isa = PBXBuildFile; fileRef = 89C62FA21987D18D00557DBF /* tabbar-dropbox-default@2x.png */; };
		89C62FBD1987D18D00557DBF /* tabbar-dropbox-selected@2x.png in Resources */ = {isa = PBXBuildFile; fileRef = 89C62FA31987D18D00557DBF /* tabbar-dropbox-selected@2x.png */; };
		89C62FBE1987D18D00557DBF /* tabbar-googledrive-default@2x.png in Resources */ = {isa = PBXBuildFile; fileRef = 89C62FA41987D18D00557DBF /* tabbar-googledrive-default@2x.png */; };
		89C62FBF1987D18D00557DBF /* tabbar-googledrive-selected@2x.png in Resources */ = {isa = PBXBuildFile; fileRef = 89C62FA51987D18D00557DBF /* tabbar-googledrive-selected@2x.png */; };
		89C62FC01987D18D00557DBF /* tabbar-settings-default@2x.png in Resources */ = {isa = PBXBuildFile; fileRef = 89C62FA61987D18D00557DBF /* tabbar-settings-default@2x.png */; };
		89C62FC11987D18D00557DBF /* tabbar-settings-selected@2x.png in Resources */ = {isa = PBXBuildFile; fileRef = 89C62FA71987D18D00557DBF /* tabbar-settings-selected@2x.png */; };
		89C62FC21987D18D00557DBF /* tabbar-sky-default@2x.png in Resources */ = {isa = PBXBuildFile; fileRef = 89C62FA81987D18D00557DBF /* tabbar-sky-default@2x.png */; };
		89C62FC31987D18D00557DBF /* tabbar-sky-selected@2x.png in Resources */ = {isa = PBXBuildFile; fileRef = 89C62FA91987D18D00557DBF /* tabbar-sky-selected@2x.png */; };
		89C62FC41987D18D00557DBF /* welcome-branding@2x.png in Resources */ = {isa = PBXBuildFile; fileRef = 89C62FAA1987D18D00557DBF /* welcome-branding@2x.png */; };
		89D44BAC198A452F00081321 /* CSMainTableCell.m in Sources */ = {isa = PBXBuildFile; fileRef = 89D44BAB198A452F00081321 /* CSMainTableCell.m */; };
		89DEE10C1973DB7E00E905A5 /* Foundation.framework in Frameworks */ = {isa = PBXBuildFile; fileRef = 89DEE10B1973DB7E00E905A5 /* Foundation.framework */; };
		89DEE10E1973DB7E00E905A5 /* CoreGraphics.framework in Frameworks */ = {isa = PBXBuildFile; fileRef = 89DEE10D1973DB7E00E905A5 /* CoreGraphics.framework */; };
		89DEE1101973DB7E00E905A5 /* UIKit.framework in Frameworks */ = {isa = PBXBuildFile; fileRef = 89DEE10F1973DB7E00E905A5 /* UIKit.framework */; };
		89DEE1161973DB7E00E905A5 /* InfoPlist.strings in Resources */ = {isa = PBXBuildFile; fileRef = 89DEE1141973DB7E00E905A5 /* InfoPlist.strings */; };
		89DEE1181973DB7E00E905A5 /* main.m in Sources */ = {isa = PBXBuildFile; fileRef = 89DEE1171973DB7E00E905A5 /* main.m */; };
		89DEE11C1973DB7E00E905A5 /* CSAppDelegate.m in Sources */ = {isa = PBXBuildFile; fileRef = 89DEE11B1973DB7E00E905A5 /* CSAppDelegate.m */; };
		89DEE11E1973DB7E00E905A5 /* Images.xcassets in Resources */ = {isa = PBXBuildFile; fileRef = 89DEE11D1973DB7E00E905A5 /* Images.xcassets */; };
		89DEE1251973DB7E00E905A5 /* XCTest.framework in Frameworks */ = {isa = PBXBuildFile; fileRef = 89DEE1241973DB7E00E905A5 /* XCTest.framework */; };
		89DEE1261973DB7E00E905A5 /* Foundation.framework in Frameworks */ = {isa = PBXBuildFile; fileRef = 89DEE10B1973DB7E00E905A5 /* Foundation.framework */; };
		89DEE1271973DB7E00E905A5 /* UIKit.framework in Frameworks */ = {isa = PBXBuildFile; fileRef = 89DEE10F1973DB7E00E905A5 /* UIKit.framework */; };
		89DEE12F1973DB7E00E905A5 /* InfoPlist.strings in Resources */ = {isa = PBXBuildFile; fileRef = 89DEE12D1973DB7E00E905A5 /* InfoPlist.strings */; };
		89DEE1311973DB7E00E905A5 /* CloudStorageTests.m in Sources */ = {isa = PBXBuildFile; fileRef = 89DEE1301973DB7E00E905A5 /* CloudStorageTests.m */; };
		89FE646D1980342B00156FD9 /* CSFirstViewController.m in Sources */ = {isa = PBXBuildFile; fileRef = 89FE645F1980342B00156FD9 /* CSFirstViewController.m */; };
		89FE646E1980342B00156FD9 /* CSFirstViewController.xib in Resources */ = {isa = PBXBuildFile; fileRef = 89FE64601980342B00156FD9 /* CSFirstViewController.xib */; };
		89FE646F1980342B00156FD9 /* CSFiveViewController.m in Sources */ = {isa = PBXBuildFile; fileRef = 89FE64621980342B00156FD9 /* CSFiveViewController.m */; };
		89FE64701980342B00156FD9 /* CSFiveViewController.xib in Resources */ = {isa = PBXBuildFile; fileRef = 89FE64631980342B00156FD9 /* CSFiveViewController.xib */; };
		89FE64711980342B00156FD9 /* CSFourViewController.m in Sources */ = {isa = PBXBuildFile; fileRef = 89FE64651980342B00156FD9 /* CSFourViewController.m */; };
		89FE64721980342B00156FD9 /* CSFourViewController.xib in Resources */ = {isa = PBXBuildFile; fileRef = 89FE64661980342B00156FD9 /* CSFourViewController.xib */; };
		89FE64731980342B00156FD9 /* CSSecondViewController.m in Sources */ = {isa = PBXBuildFile; fileRef = 89FE64681980342B00156FD9 /* CSSecondViewController.m */; };
		89FE64741980342B00156FD9 /* CSSecondViewController.xib in Resources */ = {isa = PBXBuildFile; fileRef = 89FE64691980342B00156FD9 /* CSSecondViewController.xib */; };
		89FE64751980342B00156FD9 /* CSThirdViewController.m in Sources */ = {isa = PBXBuildFile; fileRef = 89FE646B1980342B00156FD9 /* CSThirdViewController.m */; };
		89FE64761980342B00156FD9 /* CSThirdViewController.xib in Resources */ = {isa = PBXBuildFile; fileRef = 89FE646C1980342B00156FD9 /* CSThirdViewController.xib */; };
		89FE64A41980351200156FD9 /* CSLoginViewController.m in Sources */ = {isa = PBXBuildFile; fileRef = 89FE649F1980351200156FD9 /* CSLoginViewController.m */; };
		89FE64A51980351200156FD9 /* CSLoginViewController.xib in Resources */ = {isa = PBXBuildFile; fileRef = 89FE64A01980351200156FD9 /* CSLoginViewController.xib */; };
		89FE64A61980351200156FD9 /* CSMainViewController.m in Sources */ = {isa = PBXBuildFile; fileRef = 89FE64A21980351200156FD9 /* CSMainViewController.m */; };
		89FE64B61980361B00156FD9 /* CSRootDropboxTableViewController.m in Sources */ = {isa = PBXBuildFile; fileRef = 89FE64B41980361B00156FD9 /* CSRootDropboxTableViewController.m */; };
/* End PBXBuildFile section */

/* Begin PBXContainerItemProxy section */
		89DEE1281973DB7E00E905A5 /* PBXContainerItemProxy */ = {
			isa = PBXContainerItemProxy;
			containerPortal = 89DEE1001973DB7E00E905A5 /* Project object */;
			proxyType = 1;
			remoteGlobalIDString = 89DEE1071973DB7E00E905A5;
			remoteInfo = CloudStorage;
		};
/* End PBXContainerItemProxy section */

/* Begin PBXFileReference section */
		8928E144198A7EAA00E6C9E7 /* folder_app.png */ = {isa = PBXFileReference; lastKnownFileType = image.png; path = folder_app.png; sourceTree = "<group>"; };
		8928E145198A7EAA00E6C9E7 /* folder_camera.png */ = {isa = PBXFileReference; lastKnownFileType = image.png; path = folder_camera.png; sourceTree = "<group>"; };
		8928E146198A7EAA00E6C9E7 /* folder_public.png */ = {isa = PBXFileReference; lastKnownFileType = image.png; path = folder_public.png; sourceTree = "<group>"; };
		8928E147198A7EAA00E6C9E7 /* folder_user_locked.png */ = {isa = PBXFileReference; lastKnownFileType = image.png; path = folder_user_locked.png; sourceTree = "<group>"; };
		8928E148198A7EAA00E6C9E7 /* folder_user.png */ = {isa = PBXFileReference; lastKnownFileType = image.png; path = folder_user.png; sourceTree = "<group>"; };
		8928E149198A7EAA00E6C9E7 /* folder.png */ = {isa = PBXFileReference; lastKnownFileType = image.png; path = folder.png; sourceTree = "<group>"; };
		8928E14A198A7EAA00E6C9E7 /* page_white_acrobat.png */ = {isa = PBXFileReference; lastKnownFileType = image.png; path = page_white_acrobat.png; sourceTree = "<group>"; };
		8928E14B198A7EAA00E6C9E7 /* page_white_code.png */ = {isa = PBXFileReference; lastKnownFileType = image.png; path = page_white_code.png; sourceTree = "<group>"; };
		8928E14C198A7EAA00E6C9E7 /* page_white_compressed.png */ = {isa = PBXFileReference; lastKnownFileType = image.png; path = page_white_compressed.png; sourceTree = "<group>"; };
		8928E14D198A7EAA00E6C9E7 /* page_white_dvd.png */ = {isa = PBXFileReference; lastKnownFileType = image.png; path = page_white_dvd.png; sourceTree = "<group>"; };
		8928E14E198A7EAA00E6C9E7 /* page_white_excel.png */ = {isa = PBXFileReference; lastKnownFileType = image.png; path = page_white_excel.png; sourceTree = "<group>"; };
		8928E14F198A7EAA00E6C9E7 /* page_white_film.png */ = {isa = PBXFileReference; lastKnownFileType = image.png; path = page_white_film.png; sourceTree = "<group>"; };
		8928E150198A7EAA00E6C9E7 /* page_white_flash.png */ = {isa = PBXFileReference; lastKnownFileType = image.png; path = page_white_flash.png; sourceTree = "<group>"; };
		8928E151198A7EAA00E6C9E7 /* page_white_gear.png */ = {isa = PBXFileReference; lastKnownFileType = image.png; path = page_white_gear.png; sourceTree = "<group>"; };
		8928E152198A7EAA00E6C9E7 /* page_white_paint.png */ = {isa = PBXFileReference; lastKnownFileType = image.png; path = page_white_paint.png; sourceTree = "<group>"; };
		8928E153198A7EAA00E6C9E7 /* page_white_picture.png */ = {isa = PBXFileReference; lastKnownFileType = image.png; path = page_white_picture.png; sourceTree = "<group>"; };
		8928E154198A7EAA00E6C9E7 /* page_white_powerpoint.png */ = {isa = PBXFileReference; lastKnownFileType = image.png; path = page_white_powerpoint.png; sourceTree = "<group>"; };
		8928E155198A7EAA00E6C9E7 /* page_white_sound.png */ = {isa = PBXFileReference; lastKnownFileType = image.png; path = page_white_sound.png; sourceTree = "<group>"; };
		8928E156198A7EAA00E6C9E7 /* page_white_text.png */ = {isa = PBXFileReference; lastKnownFileType = image.png; path = page_white_text.png; sourceTree = "<group>"; };
		8928E157198A7EAA00E6C9E7 /* page_white_vector.png */ = {isa = PBXFileReference; lastKnownFileType = image.png; path = page_white_vector.png; sourceTree = "<group>"; };
		8928E158198A7EAA00E6C9E7 /* page_white_webcode.png */ = {isa = PBXFileReference; lastKnownFileType = image.png; path = page_white_webcode.png; sourceTree = "<group>"; };
		8928E159198A7EAA00E6C9E7 /* page_white_word.png */ = {isa = PBXFileReference; lastKnownFileType = image.png; path = page_white_word.png; sourceTree = "<group>"; };
		8928E15A198A7EAA00E6C9E7 /* page_white.png */ = {isa = PBXFileReference; lastKnownFileType = image.png; path = page_white.png; sourceTree = "<group>"; };
		8928E172198A7EB800E6C9E7 /* folder_app@2x.png */ = {isa = PBXFileReference; lastKnownFileType = image.png; path = "folder_app@2x.png"; sourceTree = "<group>"; };
		8928E173198A7EB800E6C9E7 /* folder_camera@2x.png */ = {isa = PBXFileReference; lastKnownFileType = image.png; path = "folder_camera@2x.png"; sourceTree = "<group>"; };
		8928E174198A7EB800E6C9E7 /* folder_public@2x.png */ = {isa = PBXFileReference; lastKnownFileType = image.png; path = "folder_public@2x.png"; sourceTree = "<group>"; };
		8928E175198A7EB800E6C9E7 /* folder_user_locked@2x.png */ = {isa = PBXFileReference; lastKnownFileType = image.png; path = "folder_user_locked@2x.png"; sourceTree = "<group>"; };
		8928E176198A7EB800E6C9E7 /* folder_user@2x.png */ = {isa = PBXFileReference; lastKnownFileType = image.png; path = "folder_user@2x.png"; sourceTree = "<group>"; };
		8928E177198A7EB800E6C9E7 /* folder@2x.png */ = {isa = PBXFileReference; lastKnownFileType = image.png; path = "folder@2x.png"; sourceTree = "<group>"; };
		8928E178198A7EB800E6C9E7 /* page_white_acrobat@2x.png */ = {isa = PBXFileReference; lastKnownFileType = image.png; path = "page_white_acrobat@2x.png"; sourceTree = "<group>"; };
		8928E179198A7EB800E6C9E7 /* page_white_code@2x.png */ = {isa = PBXFileReference; lastKnownFileType = image.png; path = "page_white_code@2x.png"; sourceTree = "<group>"; };
		8928E17A198A7EB800E6C9E7 /* page_white_compressed@2x.png */ = {isa = PBXFileReference; lastKnownFileType = image.png; path = "page_white_compressed@2x.png"; sourceTree = "<group>"; };
		8928E17B198A7EB800E6C9E7 /* page_white_dvd@2x.png */ = {isa = PBXFileReference; lastKnownFileType = image.png; path = "page_white_dvd@2x.png"; sourceTree = "<group>"; };
		8928E17C198A7EB800E6C9E7 /* page_white_excel@2x.png */ = {isa = PBXFileReference; lastKnownFileType = image.png; path = "page_white_excel@2x.png"; sourceTree = "<group>"; };
		8928E17D198A7EB800E6C9E7 /* page_white_film@2x.png */ = {isa = PBXFileReference; lastKnownFileType = image.png; path = "page_white_film@2x.png"; sourceTree = "<group>"; };
		8928E17E198A7EB800E6C9E7 /* page_white_flash@2x.png */ = {isa = PBXFileReference; lastKnownFileType = image.png; path = "page_white_flash@2x.png"; sourceTree = "<group>"; };
		8928E17F198A7EB800E6C9E7 /* page_white_gear@2x.png */ = {isa = PBXFileReference; lastKnownFileType = image.png; path = "page_white_gear@2x.png"; sourceTree = "<group>"; };
		8928E180198A7EB800E6C9E7 /* page_white_paint@2x.png */ = {isa = PBXFileReference; lastKnownFileType = image.png; path = "page_white_paint@2x.png"; sourceTree = "<group>"; };
		8928E181198A7EB800E6C9E7 /* page_white_picture@2x.png */ = {isa = PBXFileReference; lastKnownFileType = image.png; path = "page_white_picture@2x.png"; sourceTree = "<group>"; };
		8928E182198A7EB800E6C9E7 /* page_white_powerpoint@2x.png */ = {isa = PBXFileReference; lastKnownFileType = image.png; path = "page_white_powerpoint@2x.png"; sourceTree = "<group>"; };
		8928E183198A7EB800E6C9E7 /* page_white_sound@2x.png */ = {isa = PBXFileReference; lastKnownFileType = image.png; path = "page_white_sound@2x.png"; sourceTree = "<group>"; };
		8928E184198A7EB800E6C9E7 /* page_white_text@2x.png */ = {isa = PBXFileReference; lastKnownFileType = image.png; path = "page_white_text@2x.png"; sourceTree = "<group>"; };
		8928E185198A7EB800E6C9E7 /* page_white_vector@2x.png */ = {isa = PBXFileReference; lastKnownFileType = image.png; path = "page_white_vector@2x.png"; sourceTree = "<group>"; };
		8928E186198A7EB800E6C9E7 /* page_white_webcode@2x.png */ = {isa = PBXFileReference; lastKnownFileType = image.png; path = "page_white_webcode@2x.png"; sourceTree = "<group>"; };
		8928E187198A7EB800E6C9E7 /* page_white_word@2x.png */ = {isa = PBXFileReference; lastKnownFileType = image.png; path = "page_white_word@2x.png"; sourceTree = "<group>"; };
		8928E188198A7EB800E6C9E7 /* page_white@2x.png */ = {isa = PBXFileReference; lastKnownFileType = image.png; path = "page_white@2x.png"; sourceTree = "<group>"; };
		8928E1A0198A82DB00E6C9E7 /* CSMainTableCell.xib */ = {isa = PBXFileReference; fileEncoding = 4; lastKnownFileType = file.xib; path = CSMainTableCell.xib; sourceTree = "<group>"; };
		8928E41C198B3F3700C482B2 /* en */ = {isa = PBXFileReference; lastKnownFileType = text.plist.strings; name = en; path = en.lproj/Localizable.strings; sourceTree = "<group>"; };
		8928E41E198B3F3700C482B2 /* en */ = {isa = PBXFileReference; lastKnownFileType = text.plist.strings; name = en; path = en.lproj/Localizable_full.strings; sourceTree = "<group>"; };
		8928E41F198B3F3700C482B2 /* vi-VN */ = {isa = PBXFileReference; lastKnownFileType = text.plist.strings; name = "vi-VN"; path = "vi-VN.lproj/Localizable.strings"; sourceTree = "<group>"; };
		8928E420198B3F3700C482B2 /* vi-VN */ = {isa = PBXFileReference; lastKnownFileType = text.plist.strings; name = "vi-VN"; path = "vi-VN.lproj/Localizable_full.strings"; sourceTree = "<group>"; };
		8928E423198B3F5500C482B2 /* NSDate+HumanizedTime.h */ = {isa = PBXFileReference; fileEncoding = 4; lastKnownFileType = sourcecode.c.h; path = "NSDate+HumanizedTime.h"; sourceTree = "<group>"; };
		8928E424198B3F5500C482B2 /* NSDate+HumanizedTime.m */ = {isa = PBXFileReference; fileEncoding = 4; lastKnownFileType = sourcecode.c.objc; path = "NSDate+HumanizedTime.m"; sourceTree = "<group>"; };
		89432C6C1973DDC4000ABB30 /* CSConstants.h */ = {isa = PBXFileReference; fileEncoding = 4; lastKnownFileType = sourcecode.c.h; name = CSConstants.h; path = Constants/CSConstants.h; sourceTree = "<group>"; };
		89432C6F1973DE3D000ABB30 /* CSMainNavigationController.h */ = {isa = PBXFileReference; fileEncoding = 4; lastKnownFileType = sourcecode.c.h; name = CSMainNavigationController.h; path = Compoinents/CSMainNavigationController.h; sourceTree = "<group>"; };
		89432C701973DE3D000ABB30 /* CSMainNavigationController.m */ = {isa = PBXFileReference; fileEncoding = 4; lastKnownFileType = sourcecode.c.objc; name = CSMainNavigationController.m; path = Compoinents/CSMainNavigationController.m; sourceTree = "<group>"; };
		89432C771973DE9B000ABB30 /* CSMainTabViewController.h */ = {isa = PBXFileReference; fileEncoding = 4; lastKnownFileType = sourcecode.c.h; name = CSMainTabViewController.h; path = Compoinents/CSMainTabViewController.h; sourceTree = "<group>"; };
		89432C781973DE9B000ABB30 /* CSMainTabViewController.m */ = {isa = PBXFileReference; fileEncoding = 4; lastKnownFileType = sourcecode.c.objc; name = CSMainTabViewController.m; path = Compoinents/CSMainTabViewController.m; sourceTree = "<group>"; };
		89432C7A1973DEB7000ABB30 /* CSBaseTableViewController.h */ = {isa = PBXFileReference; fileEncoding = 4; lastKnownFileType = sourcecode.c.h; name = CSBaseTableViewController.h; path = Compoinents/CSBaseTableViewController.h; sourceTree = "<group>"; };
		89432C7B1973DEB7000ABB30 /* CSBaseTableViewController.m */ = {isa = PBXFileReference; fileEncoding = 4; lastKnownFileType = sourcecode.c.objc; name = CSBaseTableViewController.m; path = Compoinents/CSBaseTableViewController.m; sourceTree = "<group>"; };
		89432CB41973EA87000ABB30 /* CoreData.framework */ = {isa = PBXFileReference; lastKnownFileType = wrapper.framework; name = CoreData.framework; path = System/Library/Frameworks/CoreData.framework; sourceTree = SDKROOT; };
		89432CB61973EA97000ABB30 /* Security.framework */ = {isa = PBXFileReference; lastKnownFileType = wrapper.framework; name = Security.framework; path = System/Library/Frameworks/Security.framework; sourceTree = SDKROOT; };
		89C1F039197E9D55007A695B /* DropboxSDK.framework */ = {isa = PBXFileReference; lastKnownFileType = wrapper.framework; path = DropboxSDK.framework; sourceTree = "<group>"; };
		89C62F901987D18D00557DBF /* btn-bar-button.png */ = {isa = PBXFileReference; lastKnownFileType = image.png; path = "btn-bar-button.png"; sourceTree = "<group>"; };
		89C62F921987D18D00557DBF /* tabbar-box-default.png.png */ = {isa = PBXFileReference; lastKnownFileType = image.png; path = "tabbar-box-default.png.png"; sourceTree = "<group>"; };
		89C62F931987D18D00557DBF /* tabbar-box-selected.png */ = {isa = PBXFileReference; lastKnownFileType = image.png; path = "tabbar-box-selected.png"; sourceTree = "<group>"; };
		89C62F941987D18D00557DBF /* tabbar-dropbox-default.png */ = {isa = PBXFileReference; lastKnownFileType = image.png; path = "tabbar-dropbox-default.png"; sourceTree = "<group>"; };
		89C62F951987D18D00557DBF /* tabbar-dropbox-selected.png */ = {isa = PBXFileReference; lastKnownFileType = image.png; path = "tabbar-dropbox-selected.png"; sourceTree = "<group>"; };
		89C62F961987D18D00557DBF /* tabbar-googledrive-default.png */ = {isa = PBXFileReference; lastKnownFileType = image.png; path = "tabbar-googledrive-default.png"; sourceTree = "<group>"; };
		89C62F971987D18D00557DBF /* tabbar-googledrive-seleted.png */ = {isa = PBXFileReference; lastKnownFileType = image.png; path = "tabbar-googledrive-seleted.png"; sourceTree = "<group>"; };
		89C62F981987D18D00557DBF /* tabbar-settings-default.png */ = {isa = PBXFileReference; lastKnownFileType = image.png; path = "tabbar-settings-default.png"; sourceTree = "<group>"; };
		89C62F991987D18D00557DBF /* tabbar-settings-selected.png */ = {isa = PBXFileReference; lastKnownFileType = image.png; path = "tabbar-settings-selected.png"; sourceTree = "<group>"; };
		89C62F9A1987D18D00557DBF /* tabbar-sky-default.png */ = {isa = PBXFileReference; lastKnownFileType = image.png; path = "tabbar-sky-default.png"; sourceTree = "<group>"; };
		89C62F9B1987D18D00557DBF /* tabbar-sky-selected.png */ = {isa = PBXFileReference; lastKnownFileType = image.png; path = "tabbar-sky-selected.png"; sourceTree = "<group>"; };
		89C62F9C1987D18D00557DBF /* welcome-branding.png */ = {isa = PBXFileReference; lastKnownFileType = image.png; path = "welcome-branding.png"; sourceTree = "<group>"; };
		89C62F9E1987D18D00557DBF /* btn-bar-button@2x.png */ = {isa = PBXFileReference; lastKnownFileType = image.png; path = "btn-bar-button@2x.png"; sourceTree = "<group>"; };
		89C62FA01987D18D00557DBF /* tabbar-box-default@2x.png */ = {isa = PBXFileReference; lastKnownFileType = image.png; path = "tabbar-box-default@2x.png"; sourceTree = "<group>"; };
		89C62FA11987D18D00557DBF /* tabbar-box-selected@2x.png */ = {isa = PBXFileReference; lastKnownFileType = image.png; path = "tabbar-box-selected@2x.png"; sourceTree = "<group>"; };
		89C62FA21987D18D00557DBF /* tabbar-dropbox-default@2x.png */ = {isa = PBXFileReference; lastKnownFileType = image.png; path = "tabbar-dropbox-default@2x.png"; sourceTree = "<group>"; };
		89C62FA31987D18D00557DBF /* tabbar-dropbox-selected@2x.png */ = {isa = PBXFileReference; lastKnownFileType = image.png; path = "tabbar-dropbox-selected@2x.png"; sourceTree = "<group>"; };
		89C62FA41987D18D00557DBF /* tabbar-googledrive-default@2x.png */ = {isa = PBXFileReference; lastKnownFileType = image.png; path = "tabbar-googledrive-default@2x.png"; sourceTree = "<group>"; };
		89C62FA51987D18D00557DBF /* tabbar-googledrive-selected@2x.png */ = {isa = PBXFileReference; lastKnownFileType = image.png; path = "tabbar-googledrive-selected@2x.png"; sourceTree = "<group>"; };
		89C62FA61987D18D00557DBF /* tabbar-settings-default@2x.png */ = {isa = PBXFileReference; lastKnownFileType = image.png; path = "tabbar-settings-default@2x.png"; sourceTree = "<group>"; };
		89C62FA71987D18D00557DBF /* tabbar-settings-selected@2x.png */ = {isa = PBXFileReference; lastKnownFileType = image.png; path = "tabbar-settings-selected@2x.png"; sourceTree = "<group>"; };
		89C62FA81987D18D00557DBF /* tabbar-sky-default@2x.png */ = {isa = PBXFileReference; lastKnownFileType = image.png; path = "tabbar-sky-default@2x.png"; sourceTree = "<group>"; };
		89C62FA91987D18D00557DBF /* tabbar-sky-selected@2x.png */ = {isa = PBXFileReference; lastKnownFileType = image.png; path = "tabbar-sky-selected@2x.png"; sourceTree = "<group>"; };
		89C62FAA1987D18D00557DBF /* welcome-branding@2x.png */ = {isa = PBXFileReference; lastKnownFileType = image.png; path = "welcome-branding@2x.png"; sourceTree = "<group>"; };
		89D44BAA198A452F00081321 /* CSMainTableCell.h */ = {isa = PBXFileReference; fileEncoding = 4; lastKnownFileType = sourcecode.c.h; name = CSMainTableCell.h; path = Compoinents/CSMainTableCell.h; sourceTree = "<group>"; };
		89D44BAB198A452F00081321 /* CSMainTableCell.m */ = {isa = PBXFileReference; fileEncoding = 4; lastKnownFileType = sourcecode.c.objc; name = CSMainTableCell.m; path = Compoinents/CSMainTableCell.m; sourceTree = "<group>"; };
		89DEE1081973DB7E00E905A5 /* CloudStorage.app */ = {isa = PBXFileReference; explicitFileType = wrapper.application; includeInIndex = 0; path = CloudStorage.app; sourceTree = BUILT_PRODUCTS_DIR; };
		89DEE10B1973DB7E00E905A5 /* Foundation.framework */ = {isa = PBXFileReference; lastKnownFileType = wrapper.framework; name = Foundation.framework; path = System/Library/Frameworks/Foundation.framework; sourceTree = SDKROOT; };
		89DEE10D1973DB7E00E905A5 /* CoreGraphics.framework */ = {isa = PBXFileReference; lastKnownFileType = wrapper.framework; name = CoreGraphics.framework; path = System/Library/Frameworks/CoreGraphics.framework; sourceTree = SDKROOT; };
		89DEE10F1973DB7E00E905A5 /* UIKit.framework */ = {isa = PBXFileReference; lastKnownFileType = wrapper.framework; name = UIKit.framework; path = System/Library/Frameworks/UIKit.framework; sourceTree = SDKROOT; };
		89DEE1131973DB7E00E905A5 /* CloudStorage-Info.plist */ = {isa = PBXFileReference; lastKnownFileType = text.plist.xml; path = "CloudStorage-Info.plist"; sourceTree = "<group>"; };
		89DEE1151973DB7E00E905A5 /* en */ = {isa = PBXFileReference; lastKnownFileType = text.plist.strings; name = en; path = en.lproj/InfoPlist.strings; sourceTree = "<group>"; };
		89DEE1171973DB7E00E905A5 /* main.m */ = {isa = PBXFileReference; lastKnownFileType = sourcecode.c.objc; path = main.m; sourceTree = "<group>"; };
		89DEE1191973DB7E00E905A5 /* CloudStorage-Prefix.pch */ = {isa = PBXFileReference; lastKnownFileType = sourcecode.c.h; path = "CloudStorage-Prefix.pch"; sourceTree = "<group>"; };
		89DEE11A1973DB7E00E905A5 /* CSAppDelegate.h */ = {isa = PBXFileReference; lastKnownFileType = sourcecode.c.h; name = CSAppDelegate.h; path = CloudStorage/CSAppDelegate.h; sourceTree = "<group>"; };
		89DEE11B1973DB7E00E905A5 /* CSAppDelegate.m */ = {isa = PBXFileReference; lastKnownFileType = sourcecode.c.objc; name = CSAppDelegate.m; path = CloudStorage/CSAppDelegate.m; sourceTree = "<group>"; };
		89DEE11D1973DB7E00E905A5 /* Images.xcassets */ = {isa = PBXFileReference; lastKnownFileType = folder.assetcatalog; path = Images.xcassets; sourceTree = "<group>"; };
		89DEE1231973DB7E00E905A5 /* CloudStorageTests.xctest */ = {isa = PBXFileReference; explicitFileType = wrapper.cfbundle; includeInIndex = 0; path = CloudStorageTests.xctest; sourceTree = BUILT_PRODUCTS_DIR; };
		89DEE1241973DB7E00E905A5 /* XCTest.framework */ = {isa = PBXFileReference; lastKnownFileType = wrapper.framework; name = XCTest.framework; path = Library/Frameworks/XCTest.framework; sourceTree = DEVELOPER_DIR; };
		89DEE12C1973DB7E00E905A5 /* CloudStorageTests-Info.plist */ = {isa = PBXFileReference; lastKnownFileType = text.plist.xml; path = "CloudStorageTests-Info.plist"; sourceTree = "<group>"; };
		89DEE12E1973DB7E00E905A5 /* en */ = {isa = PBXFileReference; lastKnownFileType = text.plist.strings; name = en; path = en.lproj/InfoPlist.strings; sourceTree = "<group>"; };
		89DEE1301973DB7E00E905A5 /* CloudStorageTests.m */ = {isa = PBXFileReference; lastKnownFileType = sourcecode.c.objc; path = CloudStorageTests.m; sourceTree = "<group>"; };
		89FE645E1980342B00156FD9 /* CSFirstViewController.h */ = {isa = PBXFileReference; fileEncoding = 4; lastKnownFileType = sourcecode.c.h; name = CSFirstViewController.h; path = ViewController/FiveMainViewController/CSFirstViewController.h; sourceTree = "<group>"; };
		89FE645F1980342B00156FD9 /* CSFirstViewController.m */ = {isa = PBXFileReference; fileEncoding = 4; lastKnownFileType = sourcecode.c.objc; name = CSFirstViewController.m; path = ViewController/FiveMainViewController/CSFirstViewController.m; sourceTree = "<group>"; };
		89FE64601980342B00156FD9 /* CSFirstViewController.xib */ = {isa = PBXFileReference; fileEncoding = 4; lastKnownFileType = file.xib; name = CSFirstViewController.xib; path = ViewController/FiveMainViewController/CSFirstViewController.xib; sourceTree = "<group>"; };
		89FE64611980342B00156FD9 /* CSFiveViewController.h */ = {isa = PBXFileReference; fileEncoding = 4; lastKnownFileType = sourcecode.c.h; name = CSFiveViewController.h; path = ViewController/FiveMainViewController/CSFiveViewController.h; sourceTree = "<group>"; };
		89FE64621980342B00156FD9 /* CSFiveViewController.m */ = {isa = PBXFileReference; fileEncoding = 4; lastKnownFileType = sourcecode.c.objc; name = CSFiveViewController.m; path = ViewController/FiveMainViewController/CSFiveViewController.m; sourceTree = "<group>"; };
		89FE64631980342B00156FD9 /* CSFiveViewController.xib */ = {isa = PBXFileReference; fileEncoding = 4; lastKnownFileType = file.xib; name = CSFiveViewController.xib; path = ViewController/FiveMainViewController/CSFiveViewController.xib; sourceTree = "<group>"; };
		89FE64641980342B00156FD9 /* CSFourViewController.h */ = {isa = PBXFileReference; fileEncoding = 4; lastKnownFileType = sourcecode.c.h; name = CSFourViewController.h; path = ViewController/FiveMainViewController/CSFourViewController.h; sourceTree = "<group>"; };
		89FE64651980342B00156FD9 /* CSFourViewController.m */ = {isa = PBXFileReference; fileEncoding = 4; lastKnownFileType = sourcecode.c.objc; name = CSFourViewController.m; path = ViewController/FiveMainViewController/CSFourViewController.m; sourceTree = "<group>"; };
		89FE64661980342B00156FD9 /* CSFourViewController.xib */ = {isa = PBXFileReference; fileEncoding = 4; lastKnownFileType = file.xib; name = CSFourViewController.xib; path = ViewController/FiveMainViewController/CSFourViewController.xib; sourceTree = "<group>"; };
		89FE64671980342B00156FD9 /* CSSecondViewController.h */ = {isa = PBXFileReference; fileEncoding = 4; lastKnownFileType = sourcecode.c.h; name = CSSecondViewController.h; path = ViewController/FiveMainViewController/CSSecondViewController.h; sourceTree = "<group>"; };
		89FE64681980342B00156FD9 /* CSSecondViewController.m */ = {isa = PBXFileReference; fileEncoding = 4; lastKnownFileType = sourcecode.c.objc; name = CSSecondViewController.m; path = ViewController/FiveMainViewController/CSSecondViewController.m; sourceTree = "<group>"; };
		89FE64691980342B00156FD9 /* CSSecondViewController.xib */ = {isa = PBXFileReference; fileEncoding = 4; lastKnownFileType = file.xib; name = CSSecondViewController.xib; path = ViewController/FiveMainViewController/CSSecondViewController.xib; sourceTree = "<group>"; };
		89FE646A1980342B00156FD9 /* CSThirdViewController.h */ = {isa = PBXFileReference; fileEncoding = 4; lastKnownFileType = sourcecode.c.h; name = CSThirdViewController.h; path = ViewController/FiveMainViewController/CSThirdViewController.h; sourceTree = "<group>"; };
		89FE646B1980342B00156FD9 /* CSThirdViewController.m */ = {isa = PBXFileReference; fileEncoding = 4; lastKnownFileType = sourcecode.c.objc; name = CSThirdViewController.m; path = ViewController/FiveMainViewController/CSThirdViewController.m; sourceTree = "<group>"; };
		89FE646C1980342B00156FD9 /* CSThirdViewController.xib */ = {isa = PBXFileReference; fileEncoding = 4; lastKnownFileType = file.xib; name = CSThirdViewController.xib; path = ViewController/FiveMainViewController/CSThirdViewController.xib; sourceTree = "<group>"; };
		89FE649E1980351200156FD9 /* CSLoginViewController.h */ = {isa = PBXFileReference; fileEncoding = 4; lastKnownFileType = sourcecode.c.h; path = CSLoginViewController.h; sourceTree = "<group>"; };
		89FE649F1980351200156FD9 /* CSLoginViewController.m */ = {isa = PBXFileReference; fileEncoding = 4; lastKnownFileType = sourcecode.c.objc; path = CSLoginViewController.m; sourceTree = "<group>"; };
		89FE64A01980351200156FD9 /* CSLoginViewController.xib */ = {isa = PBXFileReference; fileEncoding = 4; lastKnownFileType = file.xib; path = CSLoginViewController.xib; sourceTree = "<group>"; };
		89FE64A11980351200156FD9 /* CSMainViewController.h */ = {isa = PBXFileReference; fileEncoding = 4; lastKnownFileType = sourcecode.c.h; path = CSMainViewController.h; sourceTree = "<group>"; };
		89FE64A21980351200156FD9 /* CSMainViewController.m */ = {isa = PBXFileReference; fileEncoding = 4; lastKnownFileType = sourcecode.c.objc; path = CSMainViewController.m; sourceTree = "<group>"; };
		89FE64B31980361B00156FD9 /* CSRootDropboxTableViewController.h */ = {isa = PBXFileReference; fileEncoding = 4; lastKnownFileType = sourcecode.c.h; name = CSRootDropboxTableViewController.h; path = ViewController/DropboxCotroller/CSRootDropboxTableViewController.h; sourceTree = "<group>"; };
		89FE64B41980361B00156FD9 /* CSRootDropboxTableViewController.m */ = {isa = PBXFileReference; fileEncoding = 4; lastKnownFileType = sourcecode.c.objc; name = CSRootDropboxTableViewController.m; path = ViewController/DropboxCotroller/CSRootDropboxTableViewController.m; sourceTree = "<group>"; };
/* End PBXFileReference section */

/* Begin PBXFrameworksBuildPhase section */
		89DEE1051973DB7E00E905A5 /* Frameworks */ = {
			isa = PBXFrameworksBuildPhase;
			buildActionMask = 2147483647;
			files = (
				89C1F03A197E9D55007A695B /* DropboxSDK.framework in Frameworks */,
				89432CB71973EA97000ABB30 /* Security.framework in Frameworks */,
				89432CB51973EA87000ABB30 /* CoreData.framework in Frameworks */,
				89DEE10E1973DB7E00E905A5 /* CoreGraphics.framework in Frameworks */,
				89DEE1101973DB7E00E905A5 /* UIKit.framework in Frameworks */,
				89DEE10C1973DB7E00E905A5 /* Foundation.framework in Frameworks */,
			);
			runOnlyForDeploymentPostprocessing = 0;
		};
		89DEE1201973DB7E00E905A5 /* Frameworks */ = {
			isa = PBXFrameworksBuildPhase;
			buildActionMask = 2147483647;
			files = (
				89DEE1251973DB7E00E905A5 /* XCTest.framework in Frameworks */,
				89DEE1271973DB7E00E905A5 /* UIKit.framework in Frameworks */,
				89DEE1261973DB7E00E905A5 /* Foundation.framework in Frameworks */,
			);
			runOnlyForDeploymentPostprocessing = 0;
		};
/* End PBXFrameworksBuildPhase section */

/* Begin PBXGroup section */
		8928E409198B3E8400C482B2 /* Libraries */ = {
			isa = PBXGroup;
			children = (
				8928E41A198B3F3700C482B2 /* HumanizedTime */,
			);
			path = Libraries;
			sourceTree = "<group>";
		};
		8928E41A198B3F3700C482B2 /* HumanizedTime */ = {
			isa = PBXGroup;
			children = (
				8928E41B198B3F3700C482B2 /* Localizable.strings */,
				8928E41D198B3F3700C482B2 /* Localizable_full.strings */,
				8928E423198B3F5500C482B2 /* NSDate+HumanizedTime.h */,
				8928E424198B3F5500C482B2 /* NSDate+HumanizedTime.m */,
			);
			path = HumanizedTime;
			sourceTree = "<group>";
		};
		89432C671973DD28000ABB30 /* ViewController */ = {
			isa = PBXGroup;
			children = (
				89FE64A81980351C00156FD9 /* DropboxController */,
				89432C841973DF4D000ABB30 /* FiveMainViewController */,
				89FE649D1980351200156FD9 /* MainTabController */,
			);
			name = ViewController;
			sourceTree = "<group>";
		};
		89432C691973DD66000ABB30 /* Models */ = {
			isa = PBXGroup;
			children = (
			);
			name = Models;
			sourceTree = "<group>";
		};
		89432C6A1973DD72000ABB30 /* Compoinents */ = {
			isa = PBXGroup;
			children = (
				89432C7A1973DEB7000ABB30 /* CSBaseTableViewController.h */,
				89432C7B1973DEB7000ABB30 /* CSBaseTableViewController.m */,
				89432C6F1973DE3D000ABB30 /* CSMainNavigationController.h */,
				89432C701973DE3D000ABB30 /* CSMainNavigationController.m */,
				89432C771973DE9B000ABB30 /* CSMainTabViewController.h */,
				89432C781973DE9B000ABB30 /* CSMainTabViewController.m */,
				89D44BAA198A452F00081321 /* CSMainTableCell.h */,
				89D44BAB198A452F00081321 /* CSMainTableCell.m */,
				8928E1A0198A82DB00E6C9E7 /* CSMainTableCell.xib */,
			);
			name = Compoinents;
			sourceTree = "<group>";
		};
		89432C6B1973DD83000ABB30 /* Constants */ = {
			isa = PBXGroup;
			children = (
				89432C6C1973DDC4000ABB30 /* CSConstants.h */,
			);
			name = Constants;
			sourceTree = "<group>";
		};
		89432C841973DF4D000ABB30 /* FiveMainViewController */ = {
			isa = PBXGroup;
			children = (
				89FE645E1980342B00156FD9 /* CSFirstViewController.h */,
				89FE645F1980342B00156FD9 /* CSFirstViewController.m */,
				89FE64601980342B00156FD9 /* CSFirstViewController.xib */,
				89FE64611980342B00156FD9 /* CSFiveViewController.h */,
				89FE64621980342B00156FD9 /* CSFiveViewController.m */,
				89FE64631980342B00156FD9 /* CSFiveViewController.xib */,
				89FE64641980342B00156FD9 /* CSFourViewController.h */,
				89FE64651980342B00156FD9 /* CSFourViewController.m */,
				89FE64661980342B00156FD9 /* CSFourViewController.xib */,
				89FE64671980342B00156FD9 /* CSSecondViewController.h */,
				89FE64681980342B00156FD9 /* CSSecondViewController.m */,
				89FE64691980342B00156FD9 /* CSSecondViewController.xib */,
				89FE646A1980342B00156FD9 /* CSThirdViewController.h */,
				89FE646B1980342B00156FD9 /* CSThirdViewController.m */,
				89FE646C1980342B00156FD9 /* CSThirdViewController.xib */,
			);
			name = FiveMainViewController;
			sourceTree = "<group>";
		};
		89C62F8E1987D18D00557DBF /* Images */ = {
			isa = PBXGroup;
			children = (
				89C62F8F1987D18D00557DBF /* NonRetina */,
				89C62F9D1987D18D00557DBF /* Retina */,
			);
			path = Images;
			sourceTree = "<group>";
		};
		89C62F8F1987D18D00557DBF /* NonRetina */ = {
			isa = PBXGroup;
			children = (
				8928E144198A7EAA00E6C9E7 /* folder_app.png */,
				8928E145198A7EAA00E6C9E7 /* folder_camera.png */,
				8928E146198A7EAA00E6C9E7 /* folder_public.png */,
				8928E147198A7EAA00E6C9E7 /* folder_user_locked.png */,
				8928E148198A7EAA00E6C9E7 /* folder_user.png */,
				8928E149198A7EAA00E6C9E7 /* folder.png */,
				8928E14A198A7EAA00E6C9E7 /* page_white_acrobat.png */,
				8928E14B198A7EAA00E6C9E7 /* page_white_code.png */,
				8928E14C198A7EAA00E6C9E7 /* page_white_compressed.png */,
				8928E14D198A7EAA00E6C9E7 /* page_white_dvd.png */,
				8928E14E198A7EAA00E6C9E7 /* page_white_excel.png */,
				8928E14F198A7EAA00E6C9E7 /* page_white_film.png */,
				8928E150198A7EAA00E6C9E7 /* page_white_flash.png */,
				8928E151198A7EAA00E6C9E7 /* page_white_gear.png */,
				8928E152198A7EAA00E6C9E7 /* page_white_paint.png */,
				8928E153198A7EAA00E6C9E7 /* page_white_picture.png */,
				8928E154198A7EAA00E6C9E7 /* page_white_powerpoint.png */,
				8928E155198A7EAA00E6C9E7 /* page_white_sound.png */,
				8928E156198A7EAA00E6C9E7 /* page_white_text.png */,
				8928E157198A7EAA00E6C9E7 /* page_white_vector.png */,
				8928E158198A7EAA00E6C9E7 /* page_white_webcode.png */,
				8928E159198A7EAA00E6C9E7 /* page_white_word.png */,
				8928E15A198A7EAA00E6C9E7 /* page_white.png */,
				89C62F901987D18D00557DBF /* btn-bar-button.png */,
				89C62F921987D18D00557DBF /* tabbar-box-default.png.png */,
				89C62F931987D18D00557DBF /* tabbar-box-selected.png */,
				89C62F941987D18D00557DBF /* tabbar-dropbox-default.png */,
				89C62F951987D18D00557DBF /* tabbar-dropbox-selected.png */,
				89C62F961987D18D00557DBF /* tabbar-googledrive-default.png */,
				89C62F971987D18D00557DBF /* tabbar-googledrive-seleted.png */,
				89C62F981987D18D00557DBF /* tabbar-settings-default.png */,
				89C62F991987D18D00557DBF /* tabbar-settings-selected.png */,
				89C62F9A1987D18D00557DBF /* tabbar-sky-default.png */,
				89C62F9B1987D18D00557DBF /* tabbar-sky-selected.png */,
				89C62F9C1987D18D00557DBF /* welcome-branding.png */,
			);
			path = NonRetina;
			sourceTree = "<group>";
		};
		89C62F9D1987D18D00557DBF /* Retina */ = {
			isa = PBXGroup;
			children = (
				8928E172198A7EB800E6C9E7 /* folder_app@2x.png */,
				8928E173198A7EB800E6C9E7 /* folder_camera@2x.png */,
				8928E174198A7EB800E6C9E7 /* folder_public@2x.png */,
				8928E175198A7EB800E6C9E7 /* folder_user_locked@2x.png */,
				8928E176198A7EB800E6C9E7 /* folder_user@2x.png */,
				8928E177198A7EB800E6C9E7 /* folder@2x.png */,
				8928E178198A7EB800E6C9E7 /* page_white_acrobat@2x.png */,
				8928E179198A7EB800E6C9E7 /* page_white_code@2x.png */,
				8928E17A198A7EB800E6C9E7 /* page_white_compressed@2x.png */,
				8928E17B198A7EB800E6C9E7 /* page_white_dvd@2x.png */,
				8928E17C198A7EB800E6C9E7 /* page_white_excel@2x.png */,
				8928E17D198A7EB800E6C9E7 /* page_white_film@2x.png */,
				8928E17E198A7EB800E6C9E7 /* page_white_flash@2x.png */,
				8928E17F198A7EB800E6C9E7 /* page_white_gear@2x.png */,
				8928E180198A7EB800E6C9E7 /* page_white_paint@2x.png */,
				8928E181198A7EB800E6C9E7 /* page_white_picture@2x.png */,
				8928E182198A7EB800E6C9E7 /* page_white_powerpoint@2x.png */,
				8928E183198A7EB800E6C9E7 /* page_white_sound@2x.png */,
				8928E184198A7EB800E6C9E7 /* page_white_text@2x.png */,
				8928E185198A7EB800E6C9E7 /* page_white_vector@2x.png */,
				8928E186198A7EB800E6C9E7 /* page_white_webcode@2x.png */,
				8928E187198A7EB800E6C9E7 /* page_white_word@2x.png */,
				8928E188198A7EB800E6C9E7 /* page_white@2x.png */,
				89C62F9E1987D18D00557DBF /* btn-bar-button@2x.png */,
				89C62FA01987D18D00557DBF /* tabbar-box-default@2x.png */,
				89C62FA11987D18D00557DBF /* tabbar-box-selected@2x.png */,
				89C62FA21987D18D00557DBF /* tabbar-dropbox-default@2x.png */,
				89C62FA31987D18D00557DBF /* tabbar-dropbox-selected@2x.png */,
				89C62FA41987D18D00557DBF /* tabbar-googledrive-default@2x.png */,
				89C62FA51987D18D00557DBF /* tabbar-googledrive-selected@2x.png */,
				89C62FA61987D18D00557DBF /* tabbar-settings-default@2x.png */,
				89C62FA71987D18D00557DBF /* tabbar-settings-selected@2x.png */,
				89C62FA81987D18D00557DBF /* tabbar-sky-default@2x.png */,
				89C62FA91987D18D00557DBF /* tabbar-sky-selected@2x.png */,
				89C62FAA1987D18D00557DBF /* welcome-branding@2x.png */,
			);
			path = Retina;
			sourceTree = "<group>";
		};
		89DEE0FF1973DB7E00E905A5 = {
			isa = PBXGroup;
			children = (
				89DEE1111973DB7E00E905A5 /* CloudStorage */,
				89DEE11A1973DB7E00E905A5 /* CSAppDelegate.h */,
				89DEE11B1973DB7E00E905A5 /* CSAppDelegate.m */,
				89DEE1121973DB7E00E905A5 /* Supporting Files */,
				89DEE12A1973DB7E00E905A5 /* CloudStorageTests */,
				89DEE10A1973DB7E00E905A5 /* Frameworks */,
				89DEE1091973DB7E00E905A5 /* Products */,
			);
			sourceTree = "<group>";
		};
		89DEE1091973DB7E00E905A5 /* Products */ = {
			isa = PBXGroup;
			children = (
				89DEE1081973DB7E00E905A5 /* CloudStorage.app */,
				89DEE1231973DB7E00E905A5 /* CloudStorageTests.xctest */,
			);
			name = Products;
			sourceTree = "<group>";
		};
		89DEE10A1973DB7E00E905A5 /* Frameworks */ = {
			isa = PBXGroup;
			children = (
				89C1F039197E9D55007A695B /* DropboxSDK.framework */,
				89432CB61973EA97000ABB30 /* Security.framework */,
				89432CB41973EA87000ABB30 /* CoreData.framework */,
				89DEE10B1973DB7E00E905A5 /* Foundation.framework */,
				89DEE10D1973DB7E00E905A5 /* CoreGraphics.framework */,
				89DEE10F1973DB7E00E905A5 /* UIKit.framework */,
				89DEE1241973DB7E00E905A5 /* XCTest.framework */,
			);
			name = Frameworks;
			sourceTree = "<group>";
		};
		89DEE1111973DB7E00E905A5 /* CloudStorage */ = {
			isa = PBXGroup;
			children = (
				89432C6A1973DD72000ABB30 /* Compoinents */,
				89432C6B1973DD83000ABB30 /* Constants */,
				8928E409198B3E8400C482B2 /* Libraries */,
				89432C691973DD66000ABB30 /* Models */,
				89432C671973DD28000ABB30 /* ViewController */,
			);
			path = CloudStorage;
			sourceTree = "<group>";
		};
		89DEE1121973DB7E00E905A5 /* Supporting Files */ = {
			isa = PBXGroup;
			children = (
				89C62F8E1987D18D00557DBF /* Images */,
				89DEE11D1973DB7E00E905A5 /* Images.xcassets */,
				89DEE1131973DB7E00E905A5 /* CloudStorage-Info.plist */,
				89DEE1141973DB7E00E905A5 /* InfoPlist.strings */,
				89DEE1171973DB7E00E905A5 /* main.m */,
				89DEE1191973DB7E00E905A5 /* CloudStorage-Prefix.pch */,
			);
			name = "Supporting Files";
			path = CloudStorage;
			sourceTree = "<group>";
		};
		89DEE12A1973DB7E00E905A5 /* CloudStorageTests */ = {
			isa = PBXGroup;
			children = (
				89DEE1301973DB7E00E905A5 /* CloudStorageTests.m */,
				89DEE12B1973DB7E00E905A5 /* Supporting Files */,
			);
			path = CloudStorageTests;
			sourceTree = "<group>";
		};
		89DEE12B1973DB7E00E905A5 /* Supporting Files */ = {
			isa = PBXGroup;
			children = (
				89DEE12C1973DB7E00E905A5 /* CloudStorageTests-Info.plist */,
				89DEE12D1973DB7E00E905A5 /* InfoPlist.strings */,
			);
			name = "Supporting Files";
			sourceTree = "<group>";
		};
		89FE649D1980351200156FD9 /* MainTabController */ = {
			isa = PBXGroup;
			children = (
				89FE649E1980351200156FD9 /* CSLoginViewController.h */,
				89FE649F1980351200156FD9 /* CSLoginViewController.m */,
				89FE64A01980351200156FD9 /* CSLoginViewController.xib */,
				89FE64A11980351200156FD9 /* CSMainViewController.h */,
				89FE64A21980351200156FD9 /* CSMainViewController.m */,
			);
			name = MainTabController;
			path = ViewController/MainTabController;
			sourceTree = "<group>";
		};
		89FE64A81980351C00156FD9 /* DropboxController */ = {
			isa = PBXGroup;
			children = (
				89FE64B31980361B00156FD9 /* CSRootDropboxTableViewController.h */,
				89FE64B41980361B00156FD9 /* CSRootDropboxTableViewController.m */,
			);
			name = DropboxController;
			sourceTree = "<group>";
		};
/* End PBXGroup section */

/* Begin PBXNativeTarget section */
		89DEE1071973DB7E00E905A5 /* CloudStorage */ = {
			isa = PBXNativeTarget;
			buildConfigurationList = 89DEE1341973DB7E00E905A5 /* Build configuration list for PBXNativeTarget "CloudStorage" */;
			buildPhases = (
				89DEE1041973DB7E00E905A5 /* Sources */,
				89DEE1051973DB7E00E905A5 /* Frameworks */,
				89DEE1061973DB7E00E905A5 /* Resources */,
			);
			buildRules = (
			);
			dependencies = (
			);
			name = CloudStorage;
			productName = CloudStorage;
			productReference = 89DEE1081973DB7E00E905A5 /* CloudStorage.app */;
			productType = "com.apple.product-type.application";
		};
		89DEE1221973DB7E00E905A5 /* CloudStorageTests */ = {
			isa = PBXNativeTarget;
			buildConfigurationList = 89DEE1371973DB7E00E905A5 /* Build configuration list for PBXNativeTarget "CloudStorageTests" */;
			buildPhases = (
				89DEE11F1973DB7E00E905A5 /* Sources */,
				89DEE1201973DB7E00E905A5 /* Frameworks */,
				89DEE1211973DB7E00E905A5 /* Resources */,
			);
			buildRules = (
			);
			dependencies = (
				89DEE1291973DB7E00E905A5 /* PBXTargetDependency */,
			);
			name = CloudStorageTests;
			productName = CloudStorageTests;
			productReference = 89DEE1231973DB7E00E905A5 /* CloudStorageTests.xctest */;
			productType = "com.apple.product-type.bundle.unit-test";
		};
/* End PBXNativeTarget section */

/* Begin PBXProject section */
		89DEE1001973DB7E00E905A5 /* Project object */ = {
			isa = PBXProject;
			attributes = {
				CLASSPREFIX = CS;
				LastUpgradeCheck = 0500;
				ORGANIZATIONNAME = anhquoc;
				TargetAttributes = {
					89DEE1221973DB7E00E905A5 = {
						TestTargetID = 89DEE1071973DB7E00E905A5;
					};
				};
			};
			buildConfigurationList = 89DEE1031973DB7E00E905A5 /* Build configuration list for PBXProject "CloudStorage" */;
			compatibilityVersion = "Xcode 3.2";
			developmentRegion = English;
			hasScannedForEncodings = 0;
			knownRegions = (
				en,
				"vi-VN",
			);
			mainGroup = 89DEE0FF1973DB7E00E905A5;
			productRefGroup = 89DEE1091973DB7E00E905A5 /* Products */;
			projectDirPath = "";
			projectRoot = "";
			targets = (
				89DEE1071973DB7E00E905A5 /* CloudStorage */,
				89DEE1221973DB7E00E905A5 /* CloudStorageTests */,
			);
		};
/* End PBXProject section */

/* Begin PBXResourcesBuildPhase section */
		89DEE1061973DB7E00E905A5 /* Resources */ = {
			isa = PBXResourcesBuildPhase;
			buildActionMask = 2147483647;
			files = (
				89C62FC01987D18D00557DBF /* tabbar-settings-default@2x.png in Resources */,
				89C62FAE1987D18D00557DBF /* tabbar-box-selected.png in Resources */,
				8928E422198B3F3700C482B2 /* Localizable_full.strings in Resources */,
				8928E15E198A7EAA00E6C9E7 /* folder_user_locked.png in Resources */,
				8928E15D198A7EAA00E6C9E7 /* folder_public.png in Resources */,
				8928E421198B3F3700C482B2 /* Localizable.strings in Resources */,
				89C62FC11987D18D00557DBF /* tabbar-settings-selected@2x.png in Resources */,
				89C62FB01987D18D00557DBF /* tabbar-dropbox-selected.png in Resources */,
				8928E18E198A7EB800E6C9E7 /* folder@2x.png in Resources */,
				89C62FB51987D18D00557DBF /* tabbar-sky-default.png in Resources */,
				89C62FB11987D18D00557DBF /* tabbar-googledrive-default.png in Resources */,
				89C62FB71987D18D00557DBF /* welcome-branding.png in Resources */,
				8928E191198A7EB800E6C9E7 /* page_white_compressed@2x.png in Resources */,
				8928E190198A7EB800E6C9E7 /* page_white_code@2x.png in Resources */,
				89C62FBC1987D18D00557DBF /* tabbar-dropbox-default@2x.png in Resources */,
				89C62FBB1987D18D00557DBF /* tabbar-box-selected@2x.png in Resources */,
				8928E160198A7EAA00E6C9E7 /* folder.png in Resources */,
				8928E19D198A7EB800E6C9E7 /* page_white_webcode@2x.png in Resources */,
				8928E16C198A7EAA00E6C9E7 /* page_white_sound.png in Resources */,
				8928E19F198A7EB800E6C9E7 /* page_white@2x.png in Resources */,
				8928E16E198A7EAA00E6C9E7 /* page_white_vector.png in Resources */,
				89C62FBA1987D18D00557DBF /* tabbar-box-default@2x.png in Resources */,
				8928E19B198A7EB800E6C9E7 /* page_white_text@2x.png in Resources */,
				89FE64721980342B00156FD9 /* CSFourViewController.xib in Resources */,
				8928E194198A7EB800E6C9E7 /* page_white_film@2x.png in Resources */,
				8928E1A1198A82DB00E6C9E7 /* CSMainTableCell.xib in Resources */,
				8928E18B198A7EB800E6C9E7 /* folder_public@2x.png in Resources */,
				8928E189198A7EB800E6C9E7 /* folder_app@2x.png in Resources */,
				8928E16F198A7EAA00E6C9E7 /* page_white_webcode.png in Resources */,
				89FE64701980342B00156FD9 /* CSFiveViewController.xib in Resources */,
				8928E196198A7EB800E6C9E7 /* page_white_gear@2x.png in Resources */,
				8928E169198A7EAA00E6C9E7 /* page_white_paint.png in Resources */,
				89FE646E1980342B00156FD9 /* CSFirstViewController.xib in Resources */,
				8928E16B198A7EAA00E6C9E7 /* page_white_powerpoint.png in Resources */,
				89C62FC21987D18D00557DBF /* tabbar-sky-default@2x.png in Resources */,
				89C62FAF1987D18D00557DBF /* tabbar-dropbox-default.png in Resources */,
				89C62FAB1987D18D00557DBF /* btn-bar-button.png in Resources */,
				8928E167198A7EAA00E6C9E7 /* page_white_flash.png in Resources */,
				8928E18D198A7EB800E6C9E7 /* folder_user@2x.png in Resources */,
				89C62FB31987D18D00557DBF /* tabbar-settings-default.png in Resources */,
				8928E165198A7EAA00E6C9E7 /* page_white_excel.png in Resources */,
				89C62FB41987D18D00557DBF /* tabbar-settings-selected.png in Resources */,
				89C62FBE1987D18D00557DBF /* tabbar-googledrive-default@2x.png in Resources */,
				89DEE1161973DB7E00E905A5 /* InfoPlist.strings in Resources */,
				8928E15F198A7EAA00E6C9E7 /* folder_user.png in Resources */,
				89C62FB81987D18D00557DBF /* btn-bar-button@2x.png in Resources */,
				89C62FBD1987D18D00557DBF /* tabbar-dropbox-selected@2x.png in Resources */,
				89C62FB61987D18D00557DBF /* tabbar-sky-selected.png in Resources */,
				8928E193198A7EB800E6C9E7 /* page_white_excel@2x.png in Resources */,
				8928E19C198A7EB800E6C9E7 /* page_white_vector@2x.png in Resources */,
				8928E15B198A7EAA00E6C9E7 /* folder_app.png in Resources */,
				89C62FB21987D18D00557DBF /* tabbar-googledrive-seleted.png in Resources */,
				8928E164198A7EAA00E6C9E7 /* page_white_dvd.png in Resources */,
				8928E15C198A7EAA00E6C9E7 /* folder_camera.png in Resources */,
				8928E195198A7EB800E6C9E7 /* page_white_flash@2x.png in Resources */,
				8928E18A198A7EB800E6C9E7 /* folder_camera@2x.png in Resources */,
				8928E18C198A7EB800E6C9E7 /* folder_user_locked@2x.png in Resources */,
				89C62FBF1987D18D00557DBF /* tabbar-googledrive-selected@2x.png in Resources */,
				8928E162198A7EAA00E6C9E7 /* page_white_code.png in Resources */,
				8928E168198A7EAA00E6C9E7 /* page_white_gear.png in Resources */,
				8928E16D198A7EAA00E6C9E7 /* page_white_text.png in Resources */,
				89C62FC31987D18D00557DBF /* tabbar-sky-selected@2x.png in Resources */,
				8928E170198A7EAA00E6C9E7 /* page_white_word.png in Resources */,
				8928E18F198A7EB800E6C9E7 /* page_white_acrobat@2x.png in Resources */,
				89FE64741980342B00156FD9 /* CSSecondViewController.xib in Resources */,
				8928E161198A7EAA00E6C9E7 /* page_white_acrobat.png in Resources */,
				8928E163198A7EAA00E6C9E7 /* page_white_compressed.png in Resources */,
				8928E166198A7EAA00E6C9E7 /* page_white_film.png in Resources */,
				89C62FC41987D18D00557DBF /* welcome-branding@2x.png in Resources */,
				89FE64A51980351200156FD9 /* CSLoginViewController.xib in Resources */,
				8928E19A198A7EB800E6C9E7 /* page_white_sound@2x.png in Resources */,
				8928E192198A7EB800E6C9E7 /* page_white_dvd@2x.png in Resources */,
				89DEE11E1973DB7E00E905A5 /* Images.xcassets in Resources */,
				8928E199198A7EB800E6C9E7 /* page_white_powerpoint@2x.png in Resources */,
				8928E19E198A7EB800E6C9E7 /* page_white_word@2x.png in Resources */,
				8928E197198A7EB800E6C9E7 /* page_white_paint@2x.png in Resources */,
				8928E16A198A7EAA00E6C9E7 /* page_white_picture.png in Resources */,
				89C62FAD1987D18D00557DBF /* tabbar-box-default.png.png in Resources */,
				8928E171198A7EAA00E6C9E7 /* page_white.png in Resources */,
				8928E198198A7EB800E6C9E7 /* page_white_picture@2x.png in Resources */,
				89FE64761980342B00156FD9 /* CSThirdViewController.xib in Resources */,
			);
			runOnlyForDeploymentPostprocessing = 0;
		};
		89DEE1211973DB7E00E905A5 /* Resources */ = {
			isa = PBXResourcesBuildPhase;
			buildActionMask = 2147483647;
			files = (
				89DEE12F1973DB7E00E905A5 /* InfoPlist.strings in Resources */,
			);
			runOnlyForDeploymentPostprocessing = 0;
		};
/* End PBXResourcesBuildPhase section */

/* Begin PBXSourcesBuildPhase section */
		89DEE1041973DB7E00E905A5 /* Sources */ = {
			isa = PBXSourcesBuildPhase;
			buildActionMask = 2147483647;
			files = (
				89FE646F1980342B00156FD9 /* CSFiveViewController.m in Sources */,
				89D44BAC198A452F00081321 /* CSMainTableCell.m in Sources */,
				89FE646D1980342B00156FD9 /* CSFirstViewController.m in Sources */,
				89432C7D1973DEB7000ABB30 /* CSBaseTableViewController.m in Sources */,
				89FE64731980342B00156FD9 /* CSSecondViewController.m in Sources */,
				8928E425198B3F5500C482B2 /* NSDate+HumanizedTime.m in Sources */,
				89DEE11C1973DB7E00E905A5 /* CSAppDelegate.m in Sources */,
				89FE64B61980361B00156FD9 /* CSRootDropboxTableViewController.m in Sources */,
				89DEE1181973DB7E00E905A5 /* main.m in Sources */,
				89FE64751980342B00156FD9 /* CSThirdViewController.m in Sources */,
				89FE64A41980351200156FD9 /* CSLoginViewController.m in Sources */,
				89FE64711980342B00156FD9 /* CSFourViewController.m in Sources */,
				89432C791973DE9B000ABB30 /* CSMainTabViewController.m in Sources */,
				89FE64A61980351200156FD9 /* CSMainViewController.m in Sources */,
				89432C711973DE3D000ABB30 /* CSMainNavigationController.m in Sources */,
			);
			runOnlyForDeploymentPostprocessing = 0;
		};
		89DEE11F1973DB7E00E905A5 /* Sources */ = {
			isa = PBXSourcesBuildPhase;
			buildActionMask = 2147483647;
			files = (
				89DEE1311973DB7E00E905A5 /* CloudStorageTests.m in Sources */,
			);
			runOnlyForDeploymentPostprocessing = 0;
		};
/* End PBXSourcesBuildPhase section */

/* Begin PBXTargetDependency section */
		89DEE1291973DB7E00E905A5 /* PBXTargetDependency */ = {
			isa = PBXTargetDependency;
			target = 89DEE1071973DB7E00E905A5 /* CloudStorage */;
			targetProxy = 89DEE1281973DB7E00E905A5 /* PBXContainerItemProxy */;
		};
/* End PBXTargetDependency section */

/* Begin PBXVariantGroup section */
		8928E41B198B3F3700C482B2 /* Localizable.strings */ = {
			isa = PBXVariantGroup;
			children = (
				8928E41C198B3F3700C482B2 /* en */,
				8928E41F198B3F3700C482B2 /* vi-VN */,
			);
			name = Localizable.strings;
			sourceTree = "<group>";
		};
		8928E41D198B3F3700C482B2 /* Localizable_full.strings */ = {
			isa = PBXVariantGroup;
			children = (
				8928E41E198B3F3700C482B2 /* en */,
				8928E420198B3F3700C482B2 /* vi-VN */,
			);
			name = Localizable_full.strings;
			sourceTree = "<group>";
		};
		89DEE1141973DB7E00E905A5 /* InfoPlist.strings */ = {
			isa = PBXVariantGroup;
			children = (
				89DEE1151973DB7E00E905A5 /* en */,
			);
			name = InfoPlist.strings;
			sourceTree = "<group>";
		};
		89DEE12D1973DB7E00E905A5 /* InfoPlist.strings */ = {
			isa = PBXVariantGroup;
			children = (
				89DEE12E1973DB7E00E905A5 /* en */,
			);
			name = InfoPlist.strings;
			sourceTree = "<group>";
		};
/* End PBXVariantGroup section */

/* Begin XCBuildConfiguration section */
		89DEE1321973DB7E00E905A5 /* Debug */ = {
			isa = XCBuildConfiguration;
			buildSettings = {
				ALWAYS_SEARCH_USER_PATHS = NO;
				ARCHS = "$(ARCHS_STANDARD_INCLUDING_64_BIT)";
				CLANG_CXX_LANGUAGE_STANDARD = "gnu++0x";
				CLANG_CXX_LIBRARY = "libc++";
				CLANG_ENABLE_MODULES = YES;
				CLANG_ENABLE_OBJC_ARC = YES;
				CLANG_WARN_BOOL_CONVERSION = YES;
				CLANG_WARN_CONSTANT_CONVERSION = YES;
				CLANG_WARN_DIRECT_OBJC_ISA_USAGE = YES_ERROR;
				CLANG_WARN_EMPTY_BODY = YES;
				CLANG_WARN_ENUM_CONVERSION = YES;
				CLANG_WARN_INT_CONVERSION = YES;
				CLANG_WARN_OBJC_ROOT_CLASS = YES_ERROR;
				CLANG_WARN__DUPLICATE_METHOD_MATCH = YES;
				"CODE_SIGN_IDENTITY[sdk=iphoneos*]" = "iPhone Developer";
				COPY_PHASE_STRIP = NO;
				GCC_C_LANGUAGE_STANDARD = gnu99;
				GCC_DYNAMIC_NO_PIC = NO;
				GCC_OPTIMIZATION_LEVEL = 0;
				GCC_PREPROCESSOR_DEFINITIONS = (
					"DEBUG=1",
					"$(inherited)",
				);
				GCC_SYMBOLS_PRIVATE_EXTERN = NO;
				GCC_WARN_64_TO_32_BIT_CONVERSION = YES;
				GCC_WARN_ABOUT_RETURN_TYPE = YES_ERROR;
				GCC_WARN_UNDECLARED_SELECTOR = YES;
				GCC_WARN_UNINITIALIZED_AUTOS = YES;
				GCC_WARN_UNUSED_FUNCTION = YES;
				GCC_WARN_UNUSED_VARIABLE = YES;
				IPHONEOS_DEPLOYMENT_TARGET = 7.0;
				ONLY_ACTIVE_ARCH = YES;
				SDKROOT = iphoneos;
			};
			name = Debug;
		};
		89DEE1331973DB7E00E905A5 /* Release */ = {
			isa = XCBuildConfiguration;
			buildSettings = {
				ALWAYS_SEARCH_USER_PATHS = NO;
				ARCHS = "$(ARCHS_STANDARD_INCLUDING_64_BIT)";
				CLANG_CXX_LANGUAGE_STANDARD = "gnu++0x";
				CLANG_CXX_LIBRARY = "libc++";
				CLANG_ENABLE_MODULES = YES;
				CLANG_ENABLE_OBJC_ARC = YES;
				CLANG_WARN_BOOL_CONVERSION = YES;
				CLANG_WARN_CONSTANT_CONVERSION = YES;
				CLANG_WARN_DIRECT_OBJC_ISA_USAGE = YES_ERROR;
				CLANG_WARN_EMPTY_BODY = YES;
				CLANG_WARN_ENUM_CONVERSION = YES;
				CLANG_WARN_INT_CONVERSION = YES;
				CLANG_WARN_OBJC_ROOT_CLASS = YES_ERROR;
				CLANG_WARN__DUPLICATE_METHOD_MATCH = YES;
				"CODE_SIGN_IDENTITY[sdk=iphoneos*]" = "iPhone Developer";
				COPY_PHASE_STRIP = YES;
				ENABLE_NS_ASSERTIONS = NO;
				GCC_C_LANGUAGE_STANDARD = gnu99;
				GCC_WARN_64_TO_32_BIT_CONVERSION = YES;
				GCC_WARN_ABOUT_RETURN_TYPE = YES_ERROR;
				GCC_WARN_UNDECLARED_SELECTOR = YES;
				GCC_WARN_UNINITIALIZED_AUTOS = YES;
				GCC_WARN_UNUSED_FUNCTION = YES;
				GCC_WARN_UNUSED_VARIABLE = YES;
				IPHONEOS_DEPLOYMENT_TARGET = 7.0;
				SDKROOT = iphoneos;
				VALIDATE_PRODUCT = YES;
			};
			name = Release;
		};
		89DEE1351973DB7E00E905A5 /* Debug */ = {
			isa = XCBuildConfiguration;
			buildSettings = {
				ASSETCATALOG_COMPILER_APPICON_NAME = AppIcon;
				ASSETCATALOG_COMPILER_LAUNCHIMAGE_NAME = LaunchImage;
				FRAMEWORK_SEARCH_PATHS = (
					"$(inherited)",
					/Users/luongcamminh/Documents/ProjectiOS/TestiOS/CloudStorage,
				);
				GCC_PRECOMPILE_PREFIX_HEADER = YES;
				GCC_PREFIX_HEADER = "CloudStorage/CloudStorage-Prefix.pch";
				INFOPLIST_FILE = "CloudStorage/CloudStorage-Info.plist";
				IPHONEOS_DEPLOYMENT_TARGET = 7.0;
				PRODUCT_NAME = "$(TARGET_NAME)";
				WRAPPER_EXTENSION = app;
			};
			name = Debug;
		};
		89DEE1361973DB7E00E905A5 /* Release */ = {
			isa = XCBuildConfiguration;
			buildSettings = {
				ASSETCATALOG_COMPILER_APPICON_NAME = AppIcon;
				ASSETCATALOG_COMPILER_LAUNCHIMAGE_NAME = LaunchImage;
				FRAMEWORK_SEARCH_PATHS = (
					"$(inherited)",
					/Users/luongcamminh/Documents/ProjectiOS/TestiOS/CloudStorage,
				);
				GCC_PRECOMPILE_PREFIX_HEADER = YES;
				GCC_PREFIX_HEADER = "CloudStorage/CloudStorage-Prefix.pch";
				INFOPLIST_FILE = "CloudStorage/CloudStorage-Info.plist";
				IPHONEOS_DEPLOYMENT_TARGET = 7.0;
				PRODUCT_NAME = "$(TARGET_NAME)";
				WRAPPER_EXTENSION = app;
			};
			name = Release;
		};
		89DEE1381973DB7E00E905A5 /* Debug */ = {
			isa = XCBuildConfiguration;
			buildSettings = {
				ARCHS = "$(ARCHS_STANDARD_INCLUDING_64_BIT)";
				BUNDLE_LOADER = "$(BUILT_PRODUCTS_DIR)/CloudStorage.app/CloudStorage";
				FRAMEWORK_SEARCH_PATHS = (
					"$(SDKROOT)/Developer/Library/Frameworks",
					"$(inherited)",
					"$(DEVELOPER_FRAMEWORKS_DIR)",
				);
				GCC_PRECOMPILE_PREFIX_HEADER = YES;
				GCC_PREFIX_HEADER = "CloudStorage/CloudStorage-Prefix.pch";
				GCC_PREPROCESSOR_DEFINITIONS = (
					"DEBUG=1",
					"$(inherited)",
				);
				INFOPLIST_FILE = "CloudStorageTests/CloudStorageTests-Info.plist";
				PRODUCT_NAME = "$(TARGET_NAME)";
				TEST_HOST = "$(BUNDLE_LOADER)";
				WRAPPER_EXTENSION = xctest;
			};
			name = Debug;
		};
		89DEE1391973DB7E00E905A5 /* Release */ = {
			isa = XCBuildConfiguration;
			buildSettings = {
				ARCHS = "$(ARCHS_STANDARD_INCLUDING_64_BIT)";
				BUNDLE_LOADER = "$(BUILT_PRODUCTS_DIR)/CloudStorage.app/CloudStorage";
				FRAMEWORK_SEARCH_PATHS = (
					"$(SDKROOT)/Developer/Library/Frameworks",
					"$(inherited)",
					"$(DEVELOPER_FRAMEWORKS_DIR)",
				);
				GCC_PRECOMPILE_PREFIX_HEADER = YES;
				GCC_PREFIX_HEADER = "CloudStorage/CloudStorage-Prefix.pch";
				INFOPLIST_FILE = "CloudStorageTests/CloudStorageTests-Info.plist";
				PRODUCT_NAME = "$(TARGET_NAME)";
				TEST_HOST = "$(BUNDLE_LOADER)";
				WRAPPER_EXTENSION = xctest;
			};
			name = Release;
		};
/* End XCBuildConfiguration section */

/* Begin XCConfigurationList section */
		89DEE1031973DB7E00E905A5 /* Build configuration list for PBXProject "CloudStorage" */ = {
			isa = XCConfigurationList;
			buildConfigurations = (
				89DEE1321973DB7E00E905A5 /* Debug */,
				89DEE1331973DB7E00E905A5 /* Release */,
			);
			defaultConfigurationIsVisible = 0;
			defaultConfigurationName = Release;
		};
		89DEE1341973DB7E00E905A5 /* Build configuration list for PBXNativeTarget "CloudStorage" */ = {
			isa = XCConfigurationList;
			buildConfigurations = (
				89DEE1351973DB7E00E905A5 /* Debug */,
				89DEE1361973DB7E00E905A5 /* Release */,
			);
			defaultConfigurationIsVisible = 0;
			defaultConfigurationName = Release;
		};
		89DEE1371973DB7E00E905A5 /* Build configuration list for PBXNativeTarget "CloudStorageTests" */ = {
			isa = XCConfigurationList;
			buildConfigurations = (
				89DEE1381973DB7E00E905A5 /* Debug */,
				89DEE1391973DB7E00E905A5 /* Release */,
			);
			defaultConfigurationIsVisible = 0;
			defaultConfigurationName = Release;
		};
/* End XCConfigurationList section */
	};
	rootObject = 89DEE1001973DB7E00E905A5 /* Project object */;
}
